
Microsoft Visual Studio Solution File, Format Version 12.00
# Visual Studio Version 17
VisualStudioVersion = 17.1.32228.430
MinimumVisualStudioVersion = 10.0.40219.1
Project("{FAE04EC0-301F-11D3-BF4B-00C04F79EFBC}") = "CustomSpawnChanceForCleansingPoolsChestsAndShrines", "CustomSpawnChanceForCleansingPoolsChestsAndShrines_v2\CustomSpawnChanceForCleansingPoolsChestsAndShrines.csproj", "{64C92F52-A1ED-450B-A3FE-9FDED85D9780}"
EndProject
Global
	GlobalSection(SolutionConfigurationPlatforms) = preSolution
		Debug|Any CPU = Debug|Any CPU
		Release|Any CPU = Release|Any CPU
	EndGlobalSection
	GlobalSection(ProjectConfigurationPlatforms) = postSolution
		{64C92F52-A1ED-450B-A3FE-9FDED85D9780}.Debug|Any CPU.ActiveCfg = Debug|Any CPU
		{64C92F52-A1ED-450B-A3FE-9FDED85D9780}.Debug|Any CPU.Build.0 = Debug|Any CPU
		{64C92F52-A1ED-450B-A3FE-9FDED85D9780}.Release|Any CPU.ActiveCfg = Release|Any CPU
		{64C92F52-A1ED-450B-A3FE-9FDED85D9780}.Release|Any CPU.Build.0 = Release|Any CPU
	EndGlobalSection
	GlobalSection(SolutionProperties) = preSolution
		HideSolutionNode = FALSE
	EndGlobalSection
	GlobalSection(ExtensibilityGlobals) = postSolution
		SolutionGuid = {3C7E3CD1-501A-40E8-8C21-4784EDF72A34}
	EndGlobalSection
EndGlobal
